
Microsoft Visual Studio Solution File, Format Version 12.00
# Visual Studio Version 17
VisualStudioVersion = 17.0.31903.59
MinimumVisualStudioVersion = 10.0.40219.1
Project("{FAE04EC0-301F-11D3-BF4B-00C04F79EFBC}") = "PetStore", "PetStore\PetStore.csproj", "{E3BB0F23-C702-4E4F-A6D8-09A5C0A46E6F}"
EndProject
Project("{FAE04EC0-301F-11D3-BF4B-00C04F79EFBC}") = "PetStore.Tests", "PetStore.Tests\PetStore.Tests.csproj", "{16D0406D-041B-47DD-B5E3-5BF570B569A2}"
EndProject
Global
	GlobalSection(SolutionConfigurationPlatforms) = preSolution
		Debug|Any CPU = Debug|Any CPU
		Release|Any CPU = Release|Any CPU
	EndGlobalSection
	GlobalSection(SolutionProperties) = preSolution
		HideSolutionNode = FALSE
	EndGlobalSection
	GlobalSection(ProjectConfigurationPlatforms) = postSolution
		{E3BB0F23-C702-4E4F-A6D8-09A5C0A46E6F}.Debug|Any CPU.ActiveCfg = Debug|Any CPU
		{E3BB0F23-C702-4E4F-A6D8-09A5C0A46E6F}.Debug|Any CPU.Build.0 = Debug|Any CPU
		{E3BB0F23-C702-4E4F-A6D8-09A5C0A46E6F}.Release|Any CPU.ActiveCfg = Release|Any CPU
		{E3BB0F23-C702-4E4F-A6D8-09A5C0A46E6F}.Release|Any CPU.Build.0 = Release|Any CPU
		{16D0406D-041B-47DD-B5E3-5BF570B569A2}.Debug|Any CPU.ActiveCfg = Debug|Any CPU
		{16D0406D-041B-47DD-B5E3-5BF570B569A2}.Debug|Any CPU.Build.0 = Debug|Any CPU
		{16D0406D-041B-47DD-B5E3-5BF570B569A2}.Release|Any CPU.ActiveCfg = Release|Any CPU
		{16D0406D-041B-47DD-B5E3-5BF570B569A2}.Release|Any CPU.Build.0 = Release|Any CPU
	EndGlobalSection
EndGlobal
